
Microsoft Visual Studio Solution File, Format Version 12.00
# Visual Studio Version 16
VisualStudioVersion = 16.0.30503.244
MinimumVisualStudioVersion = 10.0.40219.1
Project("{9A19103F-16F7-4668-BE54-9A1E7A4F7556}") = "DotnetCoreWebAPI", "DotnetCoreWebAPI\DotnetCoreWebAPI.csproj", "{679AE854-0B2C-4DB5-B907-D2050E55213D}"
EndProject
Global
	GlobalSection(SolutionConfigurationPlatforms) = preSolution
		Debug|Any CPU = Debug|Any CPU
		Release|Any CPU = Release|Any CPU
	EndGlobalSection
	GlobalSection(ProjectConfigurationPlatforms) = postSolution
		{679AE854-0B2C-4DB5-B907-D2050E55213D}.Debug|Any CPU.ActiveCfg = Debug|Any CPU
		{679AE854-0B2C-4DB5-B907-D2050E55213D}.Debug|Any CPU.Build.0 = Debug|Any CPU
		{679AE854-0B2C-4DB5-B907-D2050E55213D}.Release|Any CPU.ActiveCfg = Release|Any CPU
		{679AE854-0B2C-4DB5-B907-D2050E55213D}.Release|Any CPU.Build.0 = Release|Any CPU
		{1C1F01AA-9AEA-46AD-8258-D79DC650C9EA}.Debug|Any CPU.ActiveCfg = Debug|Any CPU
		{1C1F01AA-9AEA-46AD-8258-D79DC650C9EA}.Debug|Any CPU.Build.0 = Debug|Any CPU
		{1C1F01AA-9AEA-46AD-8258-D79DC650C9EA}.Release|Any CPU.ActiveCfg = Release|Any CPU
		{1C1F01AA-9AEA-46AD-8258-D79DC650C9EA}.Release|Any CPU.Build.0 = Release|Any CPU
		{0C4D16FD-45CF-4F91-948F-F95B2A1DDF87}.Debug|Any CPU.ActiveCfg = Debug|Any CPU
		{0C4D16FD-45CF-4F91-948F-F95B2A1DDF87}.Debug|Any CPU.Build.0 = Debug|Any CPU
		{0C4D16FD-45CF-4F91-948F-F95B2A1DDF87}.Release|Any CPU.ActiveCfg = Release|Any CPU
		{0C4D16FD-45CF-4F91-948F-F95B2A1DDF87}.Release|Any CPU.Build.0 = Release|Any CPU
	EndGlobalSection
	GlobalSection(SolutionProperties) = preSolution
		HideSolutionNode = FALSE
	EndGlobalSection
	GlobalSection(ExtensibilityGlobals) = postSolution
		SolutionGuid = {3EF03551-30FB-433D-A8CA-1E71D62C3CE4}
	EndGlobalSection
EndGlobal
